
Microsoft Visual Studio Solution File, Format Version 12.00
# Visual Studio Version 17
VisualStudioVersion = 17.6.33829.357
MinimumVisualStudioVersion = 10.0.40219.1
Project("{FAE04EC0-301F-11D3-BF4B-00C04F79EFBC}") = "FlashCard", "FlashCard\FlashCard.csproj", "{5CE1DA3D-380F-4C2A-B6C6-4EC3A7C66DCF}"
EndProject
Global
	GlobalSection(SolutionConfigurationPlatforms) = preSolution
		Debug|Any CPU = Debug|Any CPU
		Release|Any CPU = Release|Any CPU
	EndGlobalSection
	GlobalSection(ProjectConfigurationPlatforms) = postSolution
		{5CE1DA3D-380F-4C2A-B6C6-4EC3A7C66DCF}.Debug|Any CPU.ActiveCfg = Debug|Any CPU
		{5CE1DA3D-380F-4C2A-B6C6-4EC3A7C66DCF}.Debug|Any CPU.Build.0 = Debug|Any CPU
		{5CE1DA3D-380F-4C2A-B6C6-4EC3A7C66DCF}.Release|Any CPU.ActiveCfg = Release|Any CPU
		{5CE1DA3D-380F-4C2A-B6C6-4EC3A7C66DCF}.Release|Any CPU.Build.0 = Release|Any CPU
	EndGlobalSection
	GlobalSection(SolutionProperties) = preSolution
		HideSolutionNode = FALSE
	EndGlobalSection
	GlobalSection(ExtensibilityGlobals) = postSolution
		SolutionGuid = {5C0D5590-37D1-4E79-BC98-518AE38850D7}
	EndGlobalSection
EndGlobal
